
Microsoft Visual Studio Solution File, Format Version 12.00
# Visual Studio 15
VisualStudioVersion = 15.0.28307.271
MinimumVisualStudioVersion = 10.0.40219.1
Project("{2150E333-8FDC-42A3-9474-1A3956D46DE8}") = "Core", "Core", "{928D19AF-AF2C-4F17-AEA6-4B52101D171D}"
	ProjectSection(SolutionItems) = preProject
		core.md = core.md
	EndProjectSection
EndProject
Project("{2150E333-8FDC-42A3-9474-1A3956D46DE8}") = "TradeService", "TradeService", "{6C290865-BC9F-445C-9EEA-1DBC6C2CE8FE}"
	ProjectSection(SolutionItems) = preProject
		trade-service.md = trade-service.md
	EndProjectSection
EndProject
Project("{2150E333-8FDC-42A3-9474-1A3956D46DE8}") = "test", "test", "{A026D26D-7FDB-436C-B141-6A1F796592D9}"
	ProjectSection(SolutionItems) = preProject
		..\test\code-coverage.runsettings = ..\test\code-coverage.runsettings
	EndProjectSection
EndProject
Project("{2150E333-8FDC-42A3-9474-1A3956D46DE8}") = "test", "test", "{FB0EC0C5-717E-4E9C-BE20-553FB74AA5F5}"
	ProjectSection(SolutionItems) = preProject
		..\test\code-coverage.runsettings = ..\test\code-coverage.runsettings
	EndProjectSection
EndProject
Project("{9A19103F-16F7-4668-BE54-9A1E7A4F7556}") = "Flash.Trades.Web", "Flash.Trades.Web\Flash.Trades.Web.csproj", "{29A66617-5A5C-4FDB-96FF-8AC688A7A449}"
EndProject
Project("{9A19103F-16F7-4668-BE54-9A1E7A4F7556}") = "Flash.Trades.InteractionTests", "..\test\Flash.Trades.InteractionTests\Flash.Trades.InteractionTests.csproj", "{6A7C94D8-615F-465F-83E9-44A0CD47C728}"
EndProject
Project("{9A19103F-16F7-4668-BE54-9A1E7A4F7556}") = "Flash.Core.UnitTests", "..\test\Flash.Core.UnitTests\Flash.Core.UnitTests.csproj", "{8708E85D-41F4-44F1-B2DD-E514B1F2D3D6}"
EndProject
Project("{9A19103F-16F7-4668-BE54-9A1E7A4F7556}") = "Flash.Core", "Flash.Core\Flash.Core.csproj", "{7280D05E-8BD3-4BDE-95C2-BE49AFC962EC}"
EndProject
Project("{9A19103F-16F7-4668-BE54-9A1E7A4F7556}") = "Flash.Trades.Domain", "Flash.Trades.Domain\Flash.Trades.Domain.csproj", "{B0490EA7-7F15-4B9F-8E44-19E65519D74F}"
EndProject
Global
	GlobalSection(SolutionConfigurationPlatforms) = preSolution
		Debug|Any CPU = Debug|Any CPU
		Release|Any CPU = Release|Any CPU
	EndGlobalSection
	GlobalSection(ProjectConfigurationPlatforms) = postSolution
		{29A66617-5A5C-4FDB-96FF-8AC688A7A449}.Debug|Any CPU.ActiveCfg = Debug|Any CPU
		{29A66617-5A5C-4FDB-96FF-8AC688A7A449}.Debug|Any CPU.Build.0 = Debug|Any CPU
		{29A66617-5A5C-4FDB-96FF-8AC688A7A449}.Release|Any CPU.ActiveCfg = Release|Any CPU
		{29A66617-5A5C-4FDB-96FF-8AC688A7A449}.Release|Any CPU.Build.0 = Release|Any CPU
		{6A7C94D8-615F-465F-83E9-44A0CD47C728}.Debug|Any CPU.ActiveCfg = Debug|Any CPU
		{6A7C94D8-615F-465F-83E9-44A0CD47C728}.Debug|Any CPU.Build.0 = Debug|Any CPU
		{6A7C94D8-615F-465F-83E9-44A0CD47C728}.Release|Any CPU.ActiveCfg = Release|Any CPU
		{6A7C94D8-615F-465F-83E9-44A0CD47C728}.Release|Any CPU.Build.0 = Release|Any CPU
		{8708E85D-41F4-44F1-B2DD-E514B1F2D3D6}.Debug|Any CPU.ActiveCfg = Debug|Any CPU
		{8708E85D-41F4-44F1-B2DD-E514B1F2D3D6}.Debug|Any CPU.Build.0 = Debug|Any CPU
		{8708E85D-41F4-44F1-B2DD-E514B1F2D3D6}.Release|Any CPU.ActiveCfg = Release|Any CPU
		{8708E85D-41F4-44F1-B2DD-E514B1F2D3D6}.Release|Any CPU.Build.0 = Release|Any CPU
		{7280D05E-8BD3-4BDE-95C2-BE49AFC962EC}.Debug|Any CPU.ActiveCfg = Debug|Any CPU
		{7280D05E-8BD3-4BDE-95C2-BE49AFC962EC}.Debug|Any CPU.Build.0 = Debug|Any CPU
		{7280D05E-8BD3-4BDE-95C2-BE49AFC962EC}.Release|Any CPU.ActiveCfg = Release|Any CPU
		{7280D05E-8BD3-4BDE-95C2-BE49AFC962EC}.Release|Any CPU.Build.0 = Release|Any CPU
		{B0490EA7-7F15-4B9F-8E44-19E65519D74F}.Debug|Any CPU.ActiveCfg = Debug|Any CPU
		{B0490EA7-7F15-4B9F-8E44-19E65519D74F}.Debug|Any CPU.Build.0 = Debug|Any CPU
		{B0490EA7-7F15-4B9F-8E44-19E65519D74F}.Release|Any CPU.ActiveCfg = Release|Any CPU
		{B0490EA7-7F15-4B9F-8E44-19E65519D74F}.Release|Any CPU.Build.0 = Release|Any CPU
	EndGlobalSection
	GlobalSection(SolutionProperties) = preSolution
		HideSolutionNode = FALSE
	EndGlobalSection
	GlobalSection(NestedProjects) = preSolution
		{A026D26D-7FDB-436C-B141-6A1F796592D9} = {6C290865-BC9F-445C-9EEA-1DBC6C2CE8FE}
		{FB0EC0C5-717E-4E9C-BE20-553FB74AA5F5} = {928D19AF-AF2C-4F17-AEA6-4B52101D171D}
		{29A66617-5A5C-4FDB-96FF-8AC688A7A449} = {6C290865-BC9F-445C-9EEA-1DBC6C2CE8FE}
		{6A7C94D8-615F-465F-83E9-44A0CD47C728} = {A026D26D-7FDB-436C-B141-6A1F796592D9}
		{8708E85D-41F4-44F1-B2DD-E514B1F2D3D6} = {FB0EC0C5-717E-4E9C-BE20-553FB74AA5F5}
		{7280D05E-8BD3-4BDE-95C2-BE49AFC962EC} = {928D19AF-AF2C-4F17-AEA6-4B52101D171D}
		{B0490EA7-7F15-4B9F-8E44-19E65519D74F} = {6C290865-BC9F-445C-9EEA-1DBC6C2CE8FE}
	EndGlobalSection
	GlobalSection(ExtensibilityGlobals) = postSolution
		SolutionGuid = {C08B37E3-55F8-42A4-A254-062D9A6E8964}
	EndGlobalSection
EndGlobal
